
Microsoft Visual Studio Solution File, Format Version 12.00
# Visual Studio 15
VisualStudioVersion = 15.0.27428.2043
MinimumVisualStudioVersion = 10.0.40219.1
Project("{FAE04EC0-301F-11D3-BF4B-00C04F79EFBC}") = "Our.Umbraco.Healthchecks.LoadBalancing.Web", "Our.Umbraco.Healthchecks.LoadBalancing.Web\Our.Umbraco.Healthchecks.LoadBalancing.Web.csproj", "{3CAA0BC7-4508-49C5-A73C-8791AFA8D861}"
EndProject
Project("{FAE04EC0-301F-11D3-BF4B-00C04F79EFBC}") = "Our.Umbraco.Healthchecks.LoadBalancing", "Our.Umbraco.Healthchecks.LoadBalancing\Our.Umbraco.Healthchecks.LoadBalancing.csproj", "{B7ADF0F8-1BED-4B4B-AC26-D8C08A195289}"
EndProject
Global
	GlobalSection(SolutionConfigurationPlatforms) = preSolution
		Debug|Any CPU = Debug|Any CPU
		Release|Any CPU = Release|Any CPU
	EndGlobalSection
	GlobalSection(ProjectConfigurationPlatforms) = postSolution
		{3CAA0BC7-4508-49C5-A73C-8791AFA8D861}.Debug|Any CPU.ActiveCfg = Debug|Any CPU
		{3CAA0BC7-4508-49C5-A73C-8791AFA8D861}.Debug|Any CPU.Build.0 = Debug|Any CPU
		{3CAA0BC7-4508-49C5-A73C-8791AFA8D861}.Release|Any CPU.ActiveCfg = Release|Any CPU
		{3CAA0BC7-4508-49C5-A73C-8791AFA8D861}.Release|Any CPU.Build.0 = Release|Any CPU
		{B7ADF0F8-1BED-4B4B-AC26-D8C08A195289}.Debug|Any CPU.ActiveCfg = Debug|Any CPU
		{B7ADF0F8-1BED-4B4B-AC26-D8C08A195289}.Debug|Any CPU.Build.0 = Debug|Any CPU
		{B7ADF0F8-1BED-4B4B-AC26-D8C08A195289}.Release|Any CPU.ActiveCfg = Release|Any CPU
		{B7ADF0F8-1BED-4B4B-AC26-D8C08A195289}.Release|Any CPU.Build.0 = Release|Any CPU
	EndGlobalSection
	GlobalSection(SolutionProperties) = preSolution
		HideSolutionNode = FALSE
	EndGlobalSection
	GlobalSection(ExtensibilityGlobals) = postSolution
		SolutionGuid = {40AD52DA-9723-45B6-97D0-2EB4574E1221}
	EndGlobalSection
EndGlobal
